
Microsoft Visual Studio Solution File, Format Version 12.00
# Visual Studio Version 17
VisualStudioVersion = 17.14.36401.2 d17.14
MinimumVisualStudioVersion = 10.0.40219.1
Project("{FAE04EC0-301F-11D3-BF4B-00C04F79EFBC}") = "ttgapp11", "ttgapp\ttgapp11.csproj", "{07A742A9-8763-432A-95A2-F86806C8E0BC}"
EndProject
Global
	GlobalSection(SolutionConfigurationPlatforms) = preSolution
		Debug|Any CPU = Debug|Any CPU
		Release|Any CPU = Release|Any CPU
	EndGlobalSection
	GlobalSection(ProjectConfigurationPlatforms) = postSolution
		{07A742A9-8763-432A-95A2-F86806C8E0BC}.Debug|Any CPU.ActiveCfg = Debug|Any CPU
		{07A742A9-8763-432A-95A2-F86806C8E0BC}.Debug|Any CPU.Build.0 = Debug|Any CPU
		{07A742A9-8763-432A-95A2-F86806C8E0BC}.Release|Any CPU.ActiveCfg = Release|Any CPU
		{07A742A9-8763-432A-95A2-F86806C8E0BC}.Release|Any CPU.Build.0 = Release|Any CPU
	EndGlobalSection
	GlobalSection(SolutionProperties) = preSolution
		HideSolutionNode = FALSE
	EndGlobalSection
	GlobalSection(ExtensibilityGlobals) = postSolution
		SolutionGuid = {0DBFC7ED-024E-4A52-B8BA-BCAC7F2C8A5F}
	EndGlobalSection
EndGlobal
